
Microsoft Visual Studio Solution File, Format Version 12.00
# Visual Studio 15
VisualStudioVersion = 15.0.27428.2037
MinimumVisualStudioVersion = 10.0.40219.1
Project("{FAE04EC0-301F-11D3-BF4B-00C04F79EFBC}") = "MedicalRegistration", "MedicalRegistration\MedicalRegistration.csproj", "{3D4B66E7-1587-4767-90BA-B3C19554B203}"
EndProject
Global
	GlobalSection(SolutionConfigurationPlatforms) = preSolution
		Debug|Any CPU = Debug|Any CPU
		Release|Any CPU = Release|Any CPU
	EndGlobalSection
	GlobalSection(ProjectConfigurationPlatforms) = postSolution
		{3D4B66E7-1587-4767-90BA-B3C19554B203}.Debug|Any CPU.ActiveCfg = Debug|Any CPU
		{3D4B66E7-1587-4767-90BA-B3C19554B203}.Debug|Any CPU.Build.0 = Debug|Any CPU
		{3D4B66E7-1587-4767-90BA-B3C19554B203}.Release|Any CPU.ActiveCfg = Release|Any CPU
		{3D4B66E7-1587-4767-90BA-B3C19554B203}.Release|Any CPU.Build.0 = Release|Any CPU
	EndGlobalSection
	GlobalSection(SolutionProperties) = preSolution
		HideSolutionNode = FALSE
	EndGlobalSection
	GlobalSection(ExtensibilityGlobals) = postSolution
		SolutionGuid = {624B2475-44AF-454A-B400-518D3503CB48}
	EndGlobalSection
EndGlobal
